schema = "1"

[package]
name = "shoreleave"
version = "0.1.2"

[[dependencies]]
name = "chelis-std"
version = "0.4.0"
compiler = "=0.19.1"
archive_sha256 = "a12ec75cea3fc9b3be704f4a9b7dc83a764adc2549883805bdd896ce150b6c54"
shell_sha256 = "53a2129a8bb8c586bcbcb6c07ead62203640843c077f947b1064daac907438e4"

[dependencies.source]
kind = "bundled"
compiler_version = "0.19.1"

